
Microsoft Visual Studio Solution File, Format Version 12.00
# Visual Studio Version 16
VisualStudioVersion = 16.0.31911.196
MinimumVisualStudioVersion = 10.0.40219.1
Project("{FAE04EC0-301F-11D3-BF4B-00C04F79EFBC}") = "PraticaMemArrayListas", "PraticaMemArrayListas\PraticaMemArrayListas.csproj", "{537D014F-4CE4-4E6E-A5D1-AC7A0EE0F3F5}"
EndProject
Global
	GlobalSection(SolutionConfigurationPlatforms) = preSolution
		Debug|Any CPU = Debug|Any CPU
		Release|Any CPU = Release|Any CPU
	EndGlobalSection
	GlobalSection(ProjectConfigurationPlatforms) = postSolution
		{537D014F-4CE4-4E6E-A5D1-AC7A0EE0F3F5}.Debug|Any CPU.ActiveCfg = Debug|Any CPU
		{537D014F-4CE4-4E6E-A5D1-AC7A0EE0F3F5}.Debug|Any CPU.Build.0 = Debug|Any CPU
		{537D014F-4CE4-4E6E-A5D1-AC7A0EE0F3F5}.Release|Any CPU.ActiveCfg = Release|Any CPU
		{537D014F-4CE4-4E6E-A5D1-AC7A0EE0F3F5}.Release|Any CPU.Build.0 = Release|Any CPU
	EndGlobalSection
	GlobalSection(SolutionProperties) = preSolution
		HideSolutionNode = FALSE
	EndGlobalSection
	GlobalSection(ExtensibilityGlobals) = postSolution
		SolutionGuid = {089BC101-7A41-4585-A703-351541BA73D8}
	EndGlobalSection
EndGlobal
