
Microsoft Visual Studio Solution File, Format Version 12.00
# Visual Studio Version 16
VisualStudioVersion = 16.0.31624.102
MinimumVisualStudioVersion = 10.0.40219.1
Project("{FAE04EC0-301F-11D3-BF4B-00C04F79EFBC}") = "PraticandoDesignPatterns", "PraticandoDesignPatterns\PraticandoDesignPatterns.csproj", "{F84A237F-F9E7-4502-AC85-5E7614F2F9BD}"
EndProject
Project("{FAE04EC0-301F-11D3-BF4B-00C04F79EFBC}") = "PraticandoDesignPatterns.Domain", "PraticandoDesignPatterns.Domain\PraticandoDesignPatterns.Domain.csproj", "{191CB692-D1A6-430D-9B7C-97F6E5CE899C}"
EndProject
Project("{FAE04EC0-301F-11D3-BF4B-00C04F79EFBC}") = "PraticandoDesignPatterns.Infra", "PraticandoDesignPatterns.Infra\PraticandoDesignPatterns.Infra.csproj", "{31049071-DF3C-4A24-A42F-8BC74DFD090C}"
EndProject
Global
	GlobalSection(SolutionConfigurationPlatforms) = preSolution
		Debug|Any CPU = Debug|Any CPU
		Release|Any CPU = Release|Any CPU
	EndGlobalSection
	GlobalSection(ProjectConfigurationPlatforms) = postSolution
		{F84A237F-F9E7-4502-AC85-5E7614F2F9BD}.Debug|Any CPU.ActiveCfg = Debug|Any CPU
		{F84A237F-F9E7-4502-AC85-5E7614F2F9BD}.Debug|Any CPU.Build.0 = Debug|Any CPU
		{F84A237F-F9E7-4502-AC85-5E7614F2F9BD}.Release|Any CPU.ActiveCfg = Release|Any CPU
		{F84A237F-F9E7-4502-AC85-5E7614F2F9BD}.Release|Any CPU.Build.0 = Release|Any CPU
		{191CB692-D1A6-430D-9B7C-97F6E5CE899C}.Debug|Any CPU.ActiveCfg = Debug|Any CPU
		{191CB692-D1A6-430D-9B7C-97F6E5CE899C}.Debug|Any CPU.Build.0 = Debug|Any CPU
		{191CB692-D1A6-430D-9B7C-97F6E5CE899C}.Release|Any CPU.ActiveCfg = Release|Any CPU
		{191CB692-D1A6-430D-9B7C-97F6E5CE899C}.Release|Any CPU.Build.0 = Release|Any CPU
		{31049071-DF3C-4A24-A42F-8BC74DFD090C}.Debug|Any CPU.ActiveCfg = Debug|Any CPU
		{31049071-DF3C-4A24-A42F-8BC74DFD090C}.Debug|Any CPU.Build.0 = Debug|Any CPU
		{31049071-DF3C-4A24-A42F-8BC74DFD090C}.Release|Any CPU.ActiveCfg = Release|Any CPU
		{31049071-DF3C-4A24-A42F-8BC74DFD090C}.Release|Any CPU.Build.0 = Release|Any CPU
	EndGlobalSection
	GlobalSection(SolutionProperties) = preSolution
		HideSolutionNode = FALSE
	EndGlobalSection
	GlobalSection(ExtensibilityGlobals) = postSolution
		SolutionGuid = {684EECC2-02DF-4B4B-8DC3-6C9AB38F6FD3}
	EndGlobalSection
EndGlobal
